[[git]]
url = 'https://github.com/pop-os/system76-firmware'
rev = 'bfb8febc2ea76fd240bf2fd1c8ecc69bb0377e91'
sha256 = '099wiix7djr0kdcimhb6d661frvj0bacn1baafcbzdn2dw8a663s'
fetchSubmodules = true
deepClone = false
leaveDotGit = false

[[git]]
url = 'https://github.com/system76/ecflash.git'
rev = 'ee9d69d4edf3bee6b2fb6dddb021bb58ee3bbbbb'
sha256 = '04jgz3ajam1snc6364lmcfzsiyhzq0is4fmvzswixqdrnp0pgbav'
fetchSubmodules = true
deepClone = false
leaveDotGit = false

